schema: '2.0'
stages:
  eda:
    cmd: python src/eda.py
    deps:
    - path: data/raw/cell_images
      hash: md5
      md5: 512e5fde2a997523fca9b0e49eda8bdf.dir
      size: 351707020
      nfiles: 27622
    - path: src/eda.py
      hash: md5
      md5: 5f91b03e8f0feb6d333534b2588b97bf
      size: 5483
    params:
      params.yaml:
        data:
          raw_dir: data/raw/cell_images
          processed_dir: data/processed
          split_dir: data/processed/split
          resized_dir: data/processed/resized
          classes:
          - Parasitized
          - Uninfected
          augmented_dir: data/processed/augmented
    outs:
    - path: reports/metrics/eda_metrics.json
      hash: md5
      md5: d94ef78c8cd711352701632e36949b1a
      size: 608
  preprocess:
    cmd: python src/preprocess.py
    deps:
    - path: data/raw/cell_images
      hash: md5
      md5: 512e5fde2a997523fca9b0e49eda8bdf.dir
      size: 351707020
      nfiles: 27622
    - path: src/preprocess.py
      hash: md5
      md5: 346b269884164e874cbcce1e42070398
      size: 3754
    params:
      params.yaml:
        data:
          raw_dir: data/raw/cell_images
          processed_dir: data/processed
          split_dir: data/processed/split
          resized_dir: data/processed/resized
          classes:
          - Parasitized
          - Uninfected
          augmented_dir: data/processed/augmented
        split:
          train_ratio: 0.7
          val_ratio: 0.15
          test_ratio: 0.15
          random_state: 42
    outs:
    - path: data/processed/split
      hash: md5
      md5: ab92cee4b7ed053d0ea4456f3b70d41c.dir
      size: 351707020
      nfiles: 27622
  resize:
    cmd: python src/resize.py
    deps:
    - path: data/processed/split
      hash: md5
      md5: ab92cee4b7ed053d0ea4456f3b70d41c.dir
      size: 351707020
      nfiles: 27622
    - path: src/resize.py
      hash: md5
      md5: cff846e17ec5b86d12a20bb0da2e2e5d
      size: 1617
    params:
      params.yaml:
        data:
          raw_dir: data/raw/cell_images
          processed_dir: data/processed
          split_dir: data/processed/split
          resized_dir: data/processed/resized
          classes:
          - Parasitized
          - Uninfected
          augmented_dir: data/processed/augmented
        preprocess:
          img_size:
          - 224
          - 224
    outs:
    - path: data/processed/resized
      hash: md5
      md5: 5991349d147041d3ba88ee931e92e723.dir
      size: 781616014
      nfiles: 27420
  augment:
    cmd: python src/augment.py
    deps:
    - path: data/processed/resized
      hash: md5
      md5: 5991349d147041d3ba88ee931e92e723.dir
      size: 781616014
      nfiles: 27420
    - path: src/augment.py
      hash: md5
      md5: 233c4f53bcb17ff480cb431227067e86
      size: 2779
    params:
      params.yaml:
        augmentation:
          horizontal_flip: true
          vertical_flip: true
          rotation: 15
          brightness: 0.2
          contrast: 0.2
          num_augments: 2
        data:
          raw_dir: data/raw/cell_images
          processed_dir: data/processed
          split_dir: data/processed/split
          resized_dir: data/processed/resized
          classes:
          - Parasitized
          - Uninfected
          augmented_dir: data/processed/augmented
    outs:
    - path: data/processed/augmented
      hash: md5
      md5: aa5eb570b04d757424e0926779367a7b.dir
      size: 2112766825
      nfiles: 66088
  train:
    cmd: python src/train.py
    deps:
    - path: data/processed/resized
      hash: md5
      md5: 5991349d147041d3ba88ee931e92e723.dir
      size: 781616014
      nfiles: 27420
    - path: src/models.py
      hash: md5
      md5: 0e16504f9d8c0d4f022787d1a1f59ad4
      size: 1237
    - path: src/train.py
      hash: md5
      md5: 4b83f6888699108c7697b819ad849e72
      size: 5220
    params:
      params.yaml:
        model:
          cnn:
            conv_channels:
            - 16
            - 32
            kernel_size: 3
            fc_dim: 128
          resnet:
            pretrained: true
        train:
          batch_size: 16
          epochs: 1
          lr: 0.0003
          model: cnn
    outs:
    - path: models
      hash: md5
      md5: 0c7ef43d98b4284ced94f1d287980b39.dir
      size: 47800853
      nfiles: 1
    - path: reports/metrics/train_metrics.json
      hash: md5
      md5: aea91fb881469f778e48983cdb4b0e89
      size: 341
  evaluate:
    cmd: python src/evaluate.py
    deps:
    - path: data/processed/resized
      hash: md5
      md5: 5991349d147041d3ba88ee931e92e723.dir
      size: 781616014
      nfiles: 27420
    - path: models
      hash: md5
      md5: 0c7ef43d98b4284ced94f1d287980b39.dir
      size: 47800853
      nfiles: 1
    - path: src/evaluate.py
      hash: md5
      md5: 950ee3559824531074a3f02590956733
      size: 4761
    - path: src/models.py
      hash: md5
      md5: 0e16504f9d8c0d4f022787d1a1f59ad4
      size: 1237
    params:
      params.yaml:
        data:
          raw_dir: data/raw/cell_images
          processed_dir: data/processed
          split_dir: data/processed/split
          resized_dir: data/processed/resized
          classes:
          - Parasitized
          - Uninfected
          augmented_dir: data/processed/augmented
        train:
          batch_size: 16
          epochs: 1
          lr: 0.0003
          model: cnn
    outs:
    - path: reports/metrics/eval_metrics.json
      hash: md5
      md5: 13325521af962c77b8b43e6b24129b63
      size: 139
    - path: reports/plots/confusion_matrix.csv
      hash: md5
      md5: 19e95650241f05f39e27a7f9fef700ca
      size: 33
    - path: reports/plots/eval_metrics_plots.json
      hash: md5
      md5: b20e4e6a58d1cdfd070e7cb55355a512
      size: 311
    - path: reports/plots/per_class_f1.json
      hash: md5
      md5: b7239915b60dcf6df98cd2278085dd09
      size: 150
    - path: reports/plots/scatter_metrics.json
      hash: md5
      md5: cadefebbed84f80bf945809dd7322d8a
      size: 88
  merge_feedback:
    cmd: python src/merge_feedback.py
    deps:
    - path: data/feedback/labelled
      hash: md5
      md5: d751713988987e9331980363e24189ce.dir
      size: 0
      nfiles: 0
    - path: src/merge_feedback.py
      hash: md5
      md5: be96bf730711ecb33520d8cef32c7c18
      size: 1086
    outs:
    - path: data/raw/cell_images
      hash: md5
      md5: 512e5fde2a997523fca9b0e49eda8bdf.dir
      size: 351707020
      nfiles: 27622
